// !$*UTF8*$!
{
	archiveVersion = 1;
	classes = {
	};
	objectVersion = 50;
	objects = {

/* Begin PBXBuildFile section */
		DEA8BA0026C3093900D3E517 /* AppDelegate.swift in Sources */ = {isa = PBXBuildFile; fileRef = DEA8B9FF26C3093900D3E517 /* AppDelegate.swift */; };
		DEA8BA0226C3093900D3E517 /* SceneDelegate.swift in Sources */ = {isa = PBXBuildFile; fileRef = DEA8BA0126C3093900D3E517 /* SceneDelegate.swift */; };
		DEA8BA0426C3093900D3E517 /* ViewController.swift in Sources */ = {isa = PBXBuildFile; fileRef = DEA8BA0326C3093900D3E517 /* ViewController.swift */; };
		DEA8BA0726C3093900D3E517 /* Main.storyboard in Resources */ = {isa = PBXBuildFile; fileRef = DEA8BA0526C3093900D3E517 /* Main.storyboard */; };
		DEA8BA0926C3093C00D3E517 /* Assets.xcassets in Resources */ = {isa = PBXBuildFile; fileRef = DEA8BA0826C3093C00D3E517 /* Assets.xcassets */; };
		DEA8BA0C26C3093C00D3E517 /* LaunchScreen.storyboard in Resources */ = {isa = PBXBuildFile; fileRef = DEA8BA0A26C3093C00D3E517 /* LaunchScreen.storyboard */; };
/* End PBXBuildFile section */

/* Begin PBXFileReference section */
		DEA8B9FC26C3093900D3E517 /* swift_clnt-srvr_21.app */ = {isa = PBXFileReference; explicitFileType = wrapper.application; includeInIndex = 0; path = "swift_clnt-srvr_21.app"; sourceTree = BUILT_PRODUCTS_DIR; };
		DEA8B9FF26C3093900D3E517 /* AppDelegate.swift */ = {isa = PBXFileReference; lastKnownFileType = sourcecode.swift; path = AppDelegate.swift; sourceTree = "<group>"; };
		DEA8BA0126C3093900D3E517 /* SceneDelegate.swift */ = {isa = PBXFileReference; lastKnownFileType = sourcecode.swift; path = SceneDelegate.swift; sourceTree = "<group>"; };
		DEA8BA0326C3093900D3E517 /* ViewController.swift */ = {isa = PBXFileReference; lastKnownFileType = sourcecode.swift; path = ViewController.swift; sourceTree = "<group>"; };
		DEA8BA0626C3093900D3E517 /* Base */ = {isa = PBXFileReference; lastKnownFileType = file.storyboard; name = Base; path = Base.lproj/Main.storyboard; sourceTree = "<group>"; };
		DEA8BA0826C3093C00D3E517 /* Assets.xcassets */ = {isa = PBXFileReference; lastKnownFileType = folder.assetcatalog; path = Assets.xcassets; sourceTree = "<group>"; };
		DEA8BA0B26C3093C00D3E517 /* Base */ = {isa = PBXFileReference; lastKnownFileType = file.storyboard; name = Base; path = Base.lproj/LaunchScreen.storyboard; sourceTree = "<group>"; };
		DEA8BA0D26C3093C00D3E517 /* Info.plist */ = {isa = PBXFileReference; lastKnownFileType = text.plist.xml; path = Info.plist; sourceTree = "<group>"; };
/* End PBXFileReference section */

/* Begin PBXFrameworksBuildPhase section */
		DEA8B9F926C3093900D3E517 /* Frameworks */ = {
			isa = PBXFrameworksBuildPhase;
			buildActionMask = 2147483647;
			files = (
			);
			runOnlyForDeploymentPostprocessing = 0;
		};
/* End PBXFrameworksBuildPhase section */

/* Begin PBXGroup section */
		DEA8B9F326C3093900D3E517 = {
			isa = PBXGroup;
			children = (
				DEA8B9FE26C3093900D3E517 /* swift_clnt-srvr_21 */,
				DEA8B9FD26C3093900D3E517 /* Products */,
			);
			sourceTree = "<group>";
		};
		DEA8B9FD26C3093900D3E517 /* Products */ = {
			isa = PBXGroup;
			children = (
				DEA8B9FC26C3093900D3E517 /* swift_clnt-srvr_21.app */,
			);
			name = Products;
			sourceTree = "<group>";
		};
		DEA8B9FE26C3093900D3E517 /* swift_clnt-srvr_21 */ = {
			isa = PBXGroup;
			children = (
				DEA8BA1426C30B0200D3E517 /* App */,
				DEA8BA0326C3093900D3E517 /* ViewController.swift */,
				DEA8BA1526C30B1C00D3E517 /* Resources */,
			);
			path = "swift_clnt-srvr_21";
			sourceTree = "<group>";
		};
		DEA8BA1426C30B0200D3E517 /* App */ = {
			isa = PBXGroup;
			children = (
				DEA8B9FF26C3093900D3E517 /* AppDelegate.swift */,
				DEA8BA0126C3093900D3E517 /* SceneDelegate.swift */,
			);
			path = App;
			sourceTree = "<group>";
		};
		DEA8BA1526C30B1C00D3E517 /* Resources */ = {
			isa = PBXGroup;
			children = (
				DEA8BA0526C3093900D3E517 /* Main.storyboard */,
				DEA8BA0826C3093C00D3E517 /* Assets.xcassets */,
				DEA8BA0A26C3093C00D3E517 /* LaunchScreen.storyboard */,
				DEA8BA0D26C3093C00D3E517 /* Info.plist */,
			);
			path = Resources;
			sourceTree = "<group>";
		};
/* End PBXGroup section */

/* Begin PBXNativeTarget section */
		DEA8B9FB26C3093900D3E517 /* swift_clnt-srvr_21 */ = {
			isa = PBXNativeTarget;
			buildConfigurationList = DEA8BA1026C3093C00D3E517 /* Build configuration list for PBXNativeTarget "swift_clnt-srvr_21" */;
			buildPhases = (
				DEA8B9F826C3093900D3E517 /* Sources */,
				DEA8B9F926C3093900D3E517 /* Frameworks */,
				DEA8B9FA26C3093900D3E517 /* Resources */,
			);
			buildRules = (
			);
			dependencies = (
			);
			name = "swift_clnt-srvr_21";
			productName = "swift_clnt-srvr_21";
			productReference = DEA8B9FC26C3093900D3E517 /* swift_clnt-srvr_21.app */;
			productType = "com.apple.product-type.application";
		};
/* End PBXNativeTarget section */

/* Begin PBXProject section */
		DEA8B9F426C3093900D3E517 /* Project object */ = {
			isa = PBXProject;
			attributes = {
				LastSwiftUpdateCheck = 1220;
				LastUpgradeCheck = 1220;
				TargetAttributes = {
					DEA8B9FB26C3093900D3E517 = {
						CreatedOnToolsVersion = 12.2;
					};
				};
			};
			buildConfigurationList = DEA8B9F726C3093900D3E517 /* Build configuration list for PBXProject "swift_clnt-srvr_21" */;
			compatibilityVersion = "Xcode 9.3";
			developmentRegion = en;
			hasScannedForEncodings = 0;
			knownRegions = (
				en,
				Base,
			);
			mainGroup = DEA8B9F326C3093900D3E517;
			productRefGroup = DEA8B9FD26C3093900D3E517 /* Products */;
			projectDirPath = "";
			projectRoot = "";
			targets = (
				DEA8B9FB26C3093900D3E517 /* swift_clnt-srvr_21 */,
			);
		};
/* End PBXProject section */

/* Begin PBXResourcesBuildPhase section */
		DEA8B9FA26C3093900D3E517 /* Resources */ = {
			isa = PBXResourcesBuildPhase;
			buildActionMask = 2147483647;
			files = (
				DEA8BA0C26C3093C00D3E517 /* LaunchScreen.storyboard in Resources */,
				DEA8BA0926C3093C00D3E517 /* Assets.xcassets in Resources */,
				DEA8BA0726C3093900D3E517 /* Main.storyboard in Resources */,
			);
			runOnlyForDeploymentPostprocessing = 0;
		};
/* End PBXResourcesBuildPhase section */

/* Begin PBXSourcesBuildPhase section */
		DEA8B9F826C3093900D3E517 /* Sources */ = {
			isa = PBXSourcesBuildPhase;
			buildActionMask = 2147483647;
			files = (
				DEA8BA0426C3093900D3E517 /* ViewController.swift in Sources */,
				DEA8BA0026C3093900D3E517 /* AppDelegate.swift in Sources */,
				DEA8BA0226C3093900D3E517 /* SceneDelegate.swift in Sources */,
			);
			runOnlyForDeploymentPostprocessing = 0;
		};
/* End PBXSourcesBuildPhase section */

/* Begin PBXVariantGroup section */
		DEA8BA0526C3093900D3E517 /* Main.storyboard */ = {
			isa = PBXVariantGroup;
			children = (
				DEA8BA0626C3093900D3E517 /* Base */,
			);
			name = Main.storyboard;
			sourceTree = "<group>";
		};
		DEA8BA0A26C3093C00D3E517 /* LaunchScreen.storyboard */ = {
			isa = PBXVariantGroup;
			children = (
				DEA8BA0B26C3093C00D3E517 /* Base */,
			);
			name = LaunchScreen.storyboard;
			sourceTree = "<group>";
		};
/* End PBXVariantGroup section */

/* Begin XCBuildConfiguration section */
		DEA8BA0E26C3093C00D3E517 /* Debug */ = {
			isa = XCBuildConfiguration;
			buildSettings = {
				ALWAYS_SEARCH_USER_PATHS = NO;
				CLANG_ANALYZER_NONNULL = YES;
				CLANG_ANALYZER_NUMBER_OBJECT_CONVERSION = YES_AGGRESSIVE;
				CLANG_CXX_LANGUAGE_STANDARD = "gnu++14";
				CLANG_CXX_LIBRARY = "libc++";
				CLANG_ENABLE_MODULES = YES;
				CLANG_ENABLE_OBJC_ARC = YES;
				CLANG_ENABLE_OBJC_WEAK = YES;
				CLANG_WARN_BLOCK_CAPTURE_AUTORELEASING = YES;
				CLANG_WARN_BOOL_CONVERSION = YES;
				CLANG_WARN_COMMA = YES;
				CLANG_WARN_CONSTANT_CONVERSION = YES;
				CLANG_WARN_DEPRECATED_OBJC_IMPLEMENTATIONS = YES;
				CLANG_WARN_DIRECT_OBJC_ISA_USAGE = YES_ERROR;
				CLANG_WARN_DOCUMENTATION_COMMENTS = YES;
				CLANG_WARN_EMPTY_BODY = YES;
				CLANG_WARN_ENUM_CONVERSION = YES;
				CLANG_WARN_INFINITE_RECURSION = YES;
				CLANG_WARN_INT_CONVERSION = YES;
				CLANG_WARN_NON_LITERAL_NULL_CONVERSION = YES;
				CLANG_WARN_OBJC_IMPLICIT_RETAIN_SELF = YES;
				CLANG_WARN_OBJC_LITERAL_CONVERSION = YES;
				CLANG_WARN_OBJC_ROOT_CLASS = YES_ERROR;
				CLANG_WARN_QUOTED_INCLUDE_IN_FRAMEWORK_HEADER = YES;
				CLANG_WARN_RANGE_LOOP_ANALYSIS = YES;
				CLANG_WARN_STRICT_PROTOTYPES = YES;
				CLANG_WARN_SUSPICIOUS_MOVE = YES;
				CLANG_WARN_UNGUARDED_AVAILABILITY = YES_AGGRESSIVE;
				CLANG_WARN_UNREACHABLE_CODE = YES;
				CLANG_WARN__DUPLICATE_METHOD_MATCH = YES;
				COPY_PHASE_STRIP = NO;
				DEBUG_INFORMATION_FORMAT = dwarf;
				ENABLE_STRICT_OBJC_MSGSEND = YES;
				ENABLE_TESTABILITY = YES;
				GCC_C_LANGUAGE_STANDARD = gnu11;
				GCC_DYNAMIC_NO_PIC = NO;
				GCC_NO_COMMON_BLOCKS = YES;
				GCC_OPTIMIZATION_LEVEL = 0;
				GCC_PREPROCESSOR_DEFINITIONS = (
					"DEBUG=1",
					"$(inherited)",
				);
				GCC_WARN_64_TO_32_BIT_CONVERSION = YES;
				GCC_WARN_ABOUT_RETURN_TYPE = YES_ERROR;
				GCC_WARN_UNDECLARED_SELECTOR = YES;
				GCC_WARN_UNINITIALIZED_AUTOS = YES_AGGRESSIVE;
				GCC_WARN_UNUSED_FUNCTION = YES;
				GCC_WARN_UNUSED_VARIABLE = YES;
				IPHONEOS_DEPLOYMENT_TARGET = 14.2;
				MTL_ENABLE_DEBUG_INFO = INCLUDE_SOURCE;
				MTL_FAST_MATH = YES;
				ONLY_ACTIVE_ARCH = YES;
				SDKROOT = iphoneos;
				SWIFT_ACTIVE_COMPILATION_CONDITIONS = DEBUG;
				SWIFT_OPTIMIZATION_LEVEL = "-Onone";
			};
			name = Debug;
		};
		DEA8BA0F26C3093C00D3E517 /* Release */ = {
			isa = XCBuildConfiguration;
			buildSettings = {
				ALWAYS_SEARCH_USER_PATHS = NO;
				CLANG_ANALYZER_NONNULL = YES;
				CLANG_ANALYZER_NUMBER_OBJECT_CONVERSION = YES_AGGRESSIVE;
				CLANG_CXX_LANGUAGE_STANDARD = "gnu++14";
				CLANG_CXX_LIBRARY = "libc++";
				CLANG_ENABLE_MODULES = YES;
				CLANG_ENABLE_OBJC_ARC = YES;
				CLANG_ENABLE_OBJC_WEAK = YES;
				CLANG_WARN_BLOCK_CAPTURE_AUTORELEASING = YES;
				CLANG_WARN_BOOL_CONVERSION = YES;
				CLANG_WARN_COMMA = YES;
				CLANG_WARN_CONSTANT_CONVERSION = YES;
				CLANG_WARN_DEPRECATED_OBJC_IMPLEMENTATIONS = YES;
				CLANG_WARN_DIRECT_OBJC_ISA_USAGE = YES_ERROR;
				CLANG_WARN_DOCUMENTATION_COMMENTS = YES;
				CLANG_WARN_EMPTY_BODY = YES;
				CLANG_WARN_ENUM_CONVERSION = YES;
				CLANG_WARN_INFINITE_RECURSION = YES;
				CLANG_WARN_INT_CONVERSION = YES;
				CLANG_WARN_NON_LITERAL_NULL_CONVERSION = YES;
				CLANG_WARN_OBJC_IMPLICIT_RETAIN_SELF = YES;
				CLANG_WARN_OBJC_LITERAL_CONVERSION = YES;
				CLANG_WARN_OBJC_ROOT_CLASS = YES_ERROR;
				CLANG_WARN_QUOTED_INCLUDE_IN_FRAMEWORK_HEADER = YES;
				CLANG_WARN_RANGE_LOOP_ANALYSIS = YES;
				CLANG_WARN_STRICT_PROTOTYPES = YES;
				CLANG_WARN_SUSPICIOUS_MOVE = YES;
				CLANG_WARN_UNGUARDED_AVAILABILITY = YES_AGGRESSIVE;
				CLANG_WARN_UNREACHABLE_CODE = YES;
				CLANG_WARN__DUPLICATE_METHOD_MATCH = YES;
				COPY_PHASE_STRIP = NO;
				DEBUG_INFORMATION_FORMAT = "dwarf-with-dsym";
				ENABLE_NS_ASSERTIONS = NO;
				ENABLE_STRICT_OBJC_MSGSEND = YES;
				GCC_C_LANGUAGE_STANDARD = gnu11;
				GCC_NO_COMMON_BLOCKS = YES;
				GCC_WARN_64_TO_32_BIT_CONVERSION = YES;
				GCC_WARN_ABOUT_RETURN_TYPE = YES_ERROR;
				GCC_WARN_UNDECLARED_SELECTOR = YES;
				GCC_WARN_UNINITIALIZED_AUTOS = YES_AGGRESSIVE;
				GCC_WARN_UNUSED_FUNCTION = YES;
				GCC_WARN_UNUSED_VARIABLE = YES;
				IPHONEOS_DEPLOYMENT_TARGET = 14.2;
				MTL_ENABLE_DEBUG_INFO = NO;
				MTL_FAST_MATH = YES;
				SDKROOT = iphoneos;
				SWIFT_COMPILATION_MODE = wholemodule;
				SWIFT_OPTIMIZATION_LEVEL = "-O";
				VALIDATE_PRODUCT = YES;
			};
			name = Release;
		};
		DEA8BA1126C3093C00D3E517 /* Debug */ = {
			isa = XCBuildConfiguration;
			buildSettings = {
				ASSETCATALOG_COMPILER_APPICON_NAME = AppIcon;
				ASSETCATALOG_COMPILER_GLOBAL_ACCENT_COLOR_NAME = AccentColor;
				CODE_SIGN_STYLE = Automatic;
				DEVELOPMENT_TEAM = 6ZTMV6LV9Z;
				INFOPLIST_FILE = "swift_clnt-srvr_21/Resources/nfo.plist";
				LD_RUNPATH_SEARCH_PATHS = (
					"$(inherited)",
					"@executable_path/Frameworks",
				);
				PRODUCT_BUNDLE_IDENTIFIER = "OS.swift-clnt-srvr-21";
				PRODUCT_NAME = "$(TARGET_NAME)";
				SWIFT_VERSION = 5.0;
				TARGETED_DEVICE_FAMILY = "1,2";
			};
			name = Debug;
		};
		DEA8BA1226C3093C00D3E517 /* Release */ = {
			isa = XCBuildConfiguration;
			buildSettings = {
				ASSETCATALOG_COMPILER_APPICON_NAME = AppIcon;
				ASSETCATALOG_COMPILER_GLOBAL_ACCENT_COLOR_NAME = AccentColor;
				CODE_SIGN_STYLE = Automatic;
				DEVELOPMENT_TEAM = 6ZTMV6LV9Z;
				INFOPLIST_FILE = "swift_clnt-srvr_21/Resources/nfo.plist";
				LD_RUNPATH_SEARCH_PATHS = (
					"$(inherited)",
					"@executable_path/Frameworks",
				);
				PRODUCT_BUNDLE_IDENTIFIER = "OS.swift-clnt-srvr-21";
				PRODUCT_NAME = "$(TARGET_NAME)";
				SWIFT_VERSION = 5.0;
				TARGETED_DEVICE_FAMILY = "1,2";
			};
			name = Release;
		};
/* End XCBuildConfiguration section */

/* Begin XCConfigurationList section */
		DEA8B9F726C3093900D3E517 /* Build configuration list for PBXProject "swift_clnt-srvr_21" */ = {
			isa = XCConfigurationList;
			buildConfigurations = (
				DEA8BA0E26C3093C00D3E517 /* Debug */,
				DEA8BA0F26C3093C00D3E517 /* Release */,
			);
			defaultConfigurationIsVisible = 0;
			defaultConfigurationName = Release;
		};
		DEA8BA1026C3093C00D3E517 /* Build configuration list for PBXNativeTarget "swift_clnt-srvr_21" */ = {
			isa = XCConfigurationList;
			buildConfigurations = (
				DEA8BA1126C3093C00D3E517 /* Debug */,
				DEA8BA1226C3093C00D3E517 /* Release */,
			);
			defaultConfigurationIsVisible = 0;
			defaultConfigurationName = Release;
		};
/* End XCConfigurationList section */
	};
	rootObject = DEA8B9F426C3093900D3E517 /* Project object */;
}
